
Microsoft Visual Studio Solution File, Format Version 12.00
# Visual Studio Version 17
VisualStudioVersion = 17.0.31903.59
MinimumVisualStudioVersion = 10.0.40219.1
Project("{2150E333-8FDC-42A3-9474-1A3956D46DE8}") = "src", "src", "{F533103B-DC71-419D-AA0E-5B67751AD556}"
EndProject
Project("{FAE04EC0-301F-11D3-BF4B-00C04F79EFBC}") = "Domino.WebAPI", "src\Domino.WebAPI\Domino.WebAPI.csproj", "{8AC1F557-F0B0-438B-8D5E-E5E4DE7A4DCE}"
EndProject
Project("{FAE04EC0-301F-11D3-BF4B-00C04F79EFBC}") = "Domino.Infrastructure", "src\Domino.Infrastructure\Domino.Infrastructure.csproj", "{20C93FBB-7131-4983-A9B1-218D7AD731FE}"
EndProject
Project("{FAE04EC0-301F-11D3-BF4B-00C04F79EFBC}") = "Domino.Application", "src\Domino.Application\Domino.Application.csproj", "{C51B4F9E-786B-4F97-89FB-14ED9055BC6C}"
EndProject
Project("{FAE04EC0-301F-11D3-BF4B-00C04F79EFBC}") = "Domino.Domain", "src\Domino.Domain\Domino.Domain.csproj", "{C58DDFC9-F475-481D-99EC-730CB4B69508}"
EndProject
Project("{2150E333-8FDC-42A3-9474-1A3956D46DE8}") = "tests", "tests", "{5FB41833-FC6D-4CA2-B6A1-C4E1C68DCD11}"
EndProject
Project("{FAE04EC0-301F-11D3-BF4B-00C04F79EFBC}") = "Domino.Application.UnitTests", "tests\Domino.Application.UnitTests\Domino.Application.UnitTests.csproj", "{0BD1A16A-4645-4EEB-BAAB-CCA0CC7F116F}"
EndProject
Project("{FAE04EC0-301F-11D3-BF4B-00C04F79EFBC}") = "Domino.AITournament", "src\Domino.AITournament\Domino.AITournament.csproj", "{08373D0C-26E3-43F5-99F8-0E687B7DFBDF}"
EndProject
Global
	GlobalSection(SolutionConfigurationPlatforms) = preSolution
		Debug|Any CPU = Debug|Any CPU
		Release|Any CPU = Release|Any CPU
	EndGlobalSection
	GlobalSection(SolutionProperties) = preSolution
		HideSolutionNode = FALSE
	EndGlobalSection
	GlobalSection(ProjectConfigurationPlatforms) = postSolution
		{8AC1F557-F0B0-438B-8D5E-E5E4DE7A4DCE}.Debug|Any CPU.ActiveCfg = Debug|Any CPU
		{8AC1F557-F0B0-438B-8D5E-E5E4DE7A4DCE}.Debug|Any CPU.Build.0 = Debug|Any CPU
		{8AC1F557-F0B0-438B-8D5E-E5E4DE7A4DCE}.Release|Any CPU.ActiveCfg = Release|Any CPU
		{8AC1F557-F0B0-438B-8D5E-E5E4DE7A4DCE}.Release|Any CPU.Build.0 = Release|Any CPU
		{20C93FBB-7131-4983-A9B1-218D7AD731FE}.Debug|Any CPU.ActiveCfg = Debug|Any CPU
		{20C93FBB-7131-4983-A9B1-218D7AD731FE}.Debug|Any CPU.Build.0 = Debug|Any CPU
		{20C93FBB-7131-4983-A9B1-218D7AD731FE}.Release|Any CPU.ActiveCfg = Release|Any CPU
		{20C93FBB-7131-4983-A9B1-218D7AD731FE}.Release|Any CPU.Build.0 = Release|Any CPU
		{C51B4F9E-786B-4F97-89FB-14ED9055BC6C}.Debug|Any CPU.ActiveCfg = Debug|Any CPU
		{C51B4F9E-786B-4F97-89FB-14ED9055BC6C}.Debug|Any CPU.Build.0 = Debug|Any CPU
		{C51B4F9E-786B-4F97-89FB-14ED9055BC6C}.Release|Any CPU.ActiveCfg = Release|Any CPU
		{C51B4F9E-786B-4F97-89FB-14ED9055BC6C}.Release|Any CPU.Build.0 = Release|Any CPU
		{C58DDFC9-F475-481D-99EC-730CB4B69508}.Debug|Any CPU.ActiveCfg = Debug|Any CPU
		{C58DDFC9-F475-481D-99EC-730CB4B69508}.Debug|Any CPU.Build.0 = Debug|Any CPU
		{C58DDFC9-F475-481D-99EC-730CB4B69508}.Release|Any CPU.ActiveCfg = Release|Any CPU
		{C58DDFC9-F475-481D-99EC-730CB4B69508}.Release|Any CPU.Build.0 = Release|Any CPU
		{0BD1A16A-4645-4EEB-BAAB-CCA0CC7F116F}.Debug|Any CPU.ActiveCfg = Debug|Any CPU
		{0BD1A16A-4645-4EEB-BAAB-CCA0CC7F116F}.Debug|Any CPU.Build.0 = Debug|Any CPU
		{0BD1A16A-4645-4EEB-BAAB-CCA0CC7F116F}.Release|Any CPU.ActiveCfg = Release|Any CPU
		{0BD1A16A-4645-4EEB-BAAB-CCA0CC7F116F}.Release|Any CPU.Build.0 = Release|Any CPU
		{08373D0C-26E3-43F5-99F8-0E687B7DFBDF}.Debug|Any CPU.ActiveCfg = Debug|Any CPU
		{08373D0C-26E3-43F5-99F8-0E687B7DFBDF}.Debug|Any CPU.Build.0 = Debug|Any CPU
		{08373D0C-26E3-43F5-99F8-0E687B7DFBDF}.Release|Any CPU.ActiveCfg = Release|Any CPU
		{08373D0C-26E3-43F5-99F8-0E687B7DFBDF}.Release|Any CPU.Build.0 = Release|Any CPU
	EndGlobalSection
	GlobalSection(NestedProjects) = preSolution
		{8AC1F557-F0B0-438B-8D5E-E5E4DE7A4DCE} = {F533103B-DC71-419D-AA0E-5B67751AD556}
		{20C93FBB-7131-4983-A9B1-218D7AD731FE} = {F533103B-DC71-419D-AA0E-5B67751AD556}
		{C51B4F9E-786B-4F97-89FB-14ED9055BC6C} = {F533103B-DC71-419D-AA0E-5B67751AD556}
		{C58DDFC9-F475-481D-99EC-730CB4B69508} = {F533103B-DC71-419D-AA0E-5B67751AD556}
		{0BD1A16A-4645-4EEB-BAAB-CCA0CC7F116F} = {5FB41833-FC6D-4CA2-B6A1-C4E1C68DCD11}
		{08373D0C-26E3-43F5-99F8-0E687B7DFBDF} = {F533103B-DC71-419D-AA0E-5B67751AD556}
	EndGlobalSection
EndGlobal
